{
  "1. Join the Discord: [![Live Chat on Discord][✉️discord-invite-img]][✉️discord-invite]\n2. Fork the repository": [
    {
      "file": "CONTRIBUTING.md",
      "lines": [
        15,
        27
      ]
    }
  ],
  "2. Fork the repository\n3. Create your feature branch (`git checkout -b my-new-feature`)": [
    {
      "file": "CONTRIBUTING.md",
      "lines": [
        16,
        28
      ]
    }
  ],
  "3. Create your feature branch (`git checkout -b my-new-feature`)\n4. Make some fixes.": [
    {
      "file": "CONTRIBUTING.md",
      "lines": [
        17,
        29
      ]
    }
  ],
  "4. Make some fixes.\n5. Commit your changes (`git commit -am 'Added some feature'`)": [
    {
      "file": "CONTRIBUTING.md",
      "lines": [
        18,
        30
      ]
    }
  ],
  "5. Commit your changes (`git commit -am 'Added some feature'`)\n6. Push to the branch (`git push origin my-new-feature`)": [
    {
      "file": "CONTRIBUTING.md",
      "lines": [
        19,
        31
      ]
    }
  ],
  "6. Push to the branch (`git push origin my-new-feature`)\n7. Make sure to add tests for it. This is important, so it doesn't break in a future release.": [
    {
      "file": "CONTRIBUTING.md",
      "lines": [
        20,
        32
      ]
    }
  ],
  "7. Make sure to add tests for it. This is important, so it doesn't break in a future release.\n8. Create new Pull Request.": [
    {
      "file": "CONTRIBUTING.md",
      "lines": [
        21,
        33
      ]
    }
  ],
  "8. Create new Pull Request.\n9. Announce it in the channel for this org in the [Discord][✉️discord-invite]!": [
    {
      "file": "CONTRIBUTING.md",
      "lines": [
        22,
        34
      ]
    }
  ]
}
