{
  "#       strategy: merge\n#       file_type: ruby": [
    {
      "file": ".kettle-jem.yml",
      "lines": [
        249,
        419
      ]
    }
  ],
  "#     commit-msg:\n#       strategy: merge": [
    {
      "file": ".kettle-jem.yml",
      "lines": [
        248,
        418
      ]
    }
  ],
  "#     pboling.pem:\n#       strategy: raw_copy": [
    {
      "file": ".kettle-jem.yml",
      "lines": [
        244,
        414
      ]
    }
  ],
  "#     preference: destination\n#     add_template_only_nodes: false": [
    {
      "file": ".kettle-jem.yml",
      "lines": [
        254,
        424
      ]
    }
  ],
  "#     strategy: merge\n#     preference: destination": [
    {
      "file": ".kettle-jem.yml",
      "lines": [
        253,
        423
      ]
    }
  ],
  "#   .git-hooks:\n#     commit-msg:": [
    {
      "file": ".kettle-jem.yml",
      "lines": [
        247,
        417
      ]
    }
  ],
  "#   README.md:\n#     strategy: accept_template": [
    {
      "file": ".kettle-jem.yml",
      "lines": [
        237,
        407
      ]
    }
  ],
  "#   Rakefile:\n#     strategy: merge": [
    {
      "file": ".kettle-jem.yml",
      "lines": [
        252,
        422
      ]
    }
  ],
  "#   SECURITY.md:\n#     strategy: keep_destination": [
    {
      "file": ".kettle-jem.yml",
      "lines": [
        240,
        410
      ]
    }
  ],
  "#   certs:\n#     pboling.pem:": [
    {
      "file": ".kettle-jem.yml",
      "lines": [
        243,
        413
      ]
    }
  ],
  "# files:\n#   README.md:": [
    {
      "file": ".kettle-jem.yml",
      "lines": [
        236,
        406
      ]
    }
  ]
}
